
Microsoft Visual Studio Solution File, Format Version 12.00
# Visual Studio 15
VisualStudioVersion = 15.0.26730.16
MinimumVisualStudioVersion = 10.0.40219.1
Project("{FAE04EC0-301F-11D3-BF4B-00C04F79EFBC}") = "CodeTool", "CodeTool\CodeTool.csproj", "{6DCA818D-6CF4-410E-9252-D04129F2883D}"
EndProject
Project("{FAE04EC0-301F-11D3-BF4B-00C04F79EFBC}") = "ICSharpCode.TextEditor", "..\..\..\ICSharpCode.TextEditor_2.2\Project\ICSharpCode.TextEditor.csproj", "{2D18BE89-D210-49EB-A9DD-2246FBB3DF6D}"
EndProject
Global
	GlobalSection(SolutionConfigurationPlatforms) = preSolution
		Debug|Any CPU = Debug|Any CPU
		Debug|x86 = Debug|x86
		Release|Any CPU = Release|Any CPU
		Release|x86 = Release|x86
	EndGlobalSection
	GlobalSection(ProjectConfigurationPlatforms) = postSolution
		{6DCA818D-6CF4-410E-9252-D04129F2883D}.Debug|Any CPU.ActiveCfg = Debug|Any CPU
		{6DCA818D-6CF4-410E-9252-D04129F2883D}.Debug|Any CPU.Build.0 = Debug|Any CPU
		{6DCA818D-6CF4-410E-9252-D04129F2883D}.Debug|x86.ActiveCfg = Debug|Any CPU
		{6DCA818D-6CF4-410E-9252-D04129F2883D}.Debug|x86.Build.0 = Debug|Any CPU
		{6DCA818D-6CF4-410E-9252-D04129F2883D}.Release|Any CPU.ActiveCfg = Release|Any CPU
		{6DCA818D-6CF4-410E-9252-D04129F2883D}.Release|Any CPU.Build.0 = Release|Any CPU
		{6DCA818D-6CF4-410E-9252-D04129F2883D}.Release|x86.ActiveCfg = Release|Any CPU
		{6DCA818D-6CF4-410E-9252-D04129F2883D}.Release|x86.Build.0 = Release|Any CPU
		{2D18BE89-D210-49EB-A9DD-2246FBB3DF6D}.Debug|Any CPU.ActiveCfg = Debug|Any CPU
		{2D18BE89-D210-49EB-A9DD-2246FBB3DF6D}.Debug|Any CPU.Build.0 = Debug|Any CPU
		{2D18BE89-D210-49EB-A9DD-2246FBB3DF6D}.Debug|x86.ActiveCfg = Debug|Any CPU
		{2D18BE89-D210-49EB-A9DD-2246FBB3DF6D}.Debug|x86.Build.0 = Debug|Any CPU
		{2D18BE89-D210-49EB-A9DD-2246FBB3DF6D}.Release|Any CPU.ActiveCfg = Release|Any CPU
		{2D18BE89-D210-49EB-A9DD-2246FBB3DF6D}.Release|Any CPU.Build.0 = Release|Any CPU
		{2D18BE89-D210-49EB-A9DD-2246FBB3DF6D}.Release|x86.ActiveCfg = Release|Any CPU
		{2D18BE89-D210-49EB-A9DD-2246FBB3DF6D}.Release|x86.Build.0 = Release|Any CPU
	EndGlobalSection
	GlobalSection(SolutionProperties) = preSolution
		HideSolutionNode = FALSE
	EndGlobalSection
	GlobalSection(ExtensibilityGlobals) = postSolution
		SolutionGuid = {CE019929-A763-4E7A-80CE-CD720E074A90}
	EndGlobalSection
EndGlobal
